github.com/eclipse/paho.mqtt.golang v1.1.1 h1:iPJYXJLaViCshRTW/PSqImSS6HJ2Rf671WR0bXZ2GIU=
github.com/eclipse/paho.mqtt.golang v1.1.1/go.mod h1:H9keYFcgq3Qr5OUJm/JZI/i6U7joQ8SYLhZwfeOo6Ts=
github.com/esimov/dithergo v0.0.0-20170530095937-48e039c66812 h1:zzayr1k03+PQ4cF4j3lJq4Tx94hlg1DSsPve8sKqqKY=
github.com/esimov/dithergo v0.0.0-20170530095937-48e039c66812/go.mod h1:IuLZhv47vctnAic87c5rwf6Q1zAZ7MP8bfePn9sLs70=
github.com/go-redis/cache v6.3.5+incompatible h1:4OUyoXXYRRQ6tKA4ue3TlPUkBzk3occzjtXBZBxCzgs=
github.com/go-redis/cache v6.3.5+incompatible/go.mod h1:XNnMdvlNjcZvHjsscEozHAeOeSE5riG9Fj54meG4WT4=
github.com/go-redis/redis v6.14.1+incompatible h1:kSJohAREGMr344uMa8PzuIg5OU6ylCbyDkWkkNOfEik=
github.com/go-redis/redis v6.14.1+incompatible/go.mod h1:NAIEuMOZ/fxfXJIrKDQDz8wamY7mA7PouImQ2Jvg6kA=
github.com/gorilla/websocket v1.4.0 h1:WDFjx/TMzVgy9VdMMQi2K2Emtwi2QcUQsztZ/zLaH/Q=
github.com/gorilla/websocket v1.4.0/go.mod h1:E7qHFY5m1UJ88s3WnNqhKjPHQ0heANvMoAMk2YaljkQ=
github.com/kelseyhightower/envconfig v1.3.0 h1:IvRS4f2VcIQy6j4ORGIf9145T/AsUB+oY8LyvN8BXNM=
github.com/kelseyhightower/envconfig v1.3.0/go.mod h1:cccZRl6mQpaq41TPp5QxidR+Sa3axMbJDNb//FQX6Gg=
github.com/nfnt/resize v0.0.0-20180221191011-83c6a9932646 h1:zYyBkD/k9seD2A7fsi6Oo2LfFZAehjjQMERAvZLEDnQ=
github.com/nfnt/resize v0.0.0-20180221191011-83c6a9932646/go.mod h1:jpp1/29i3P1S/RLdc7JQKbRpFeM1dOBd8T9ki5s+AY8=
github.com/nlopes/slack v0.3.0 h1:jCxvaS8wC4Bb1jnbqZMjCDkOOgy4spvQWcrw/TF0L0E=
github.com/nlopes/slack v0.3.0/go.mod h1:jVI4BBK3lSktibKahxBF74txcK2vyvkza1z/+rRnVAM=
github.com/vmihailenco/msgpack v4.0.0+incompatible h1:R/ftCULcY/r0SLpalySUSd8QV4fVABi/h0D/IjlYJzg=
github.com/vmihailenco/msgpack v4.0.0+incompatible/go.mod h1:fy3FlTQTDXWkZ7Bh6AcGMlsjHatGryHQYUTf1ShIgkk=
golang.org/x/net v0.0.0-20180926154720-4dfa2610cdf3 h1:dgd4x4kJt7G4k4m93AYLzM8Ni6h2qLTfh9n9vXJT3/0=
golang.org/x/net v0.0.0-20180926154720-4dfa2610cdf3/go.mod h1:mL1N/T3taQHkDXs73rZJwtUhF3w3ftmwwsq0BUmARs4=
